uuid: e3ce22bc-32b8-412c-a9c8-4329a82755e4
langcode: en
status: true
dependencies:
  config:
    - views.view.game_i_o_boards
  module:
    - node
    - views
  theme:
    - claro
_core:
  default_config_hash: GJBk-lBFwDoPp60Lv3LN_yafOZKyV5qwhYXB07jVTac
id: views_block__game_i_o_boards_i_o_boards_block
theme: claro
region: content
weight: -1
provider: null
plugin: 'views_block:game_i_o_boards-i_o_boards_block'
settings:
  id: 'views_block:game_i_o_boards-i_o_boards_block'
  label: ''
  label_display: visible
  provider: views
  context_mapping: {  }
  views_label: ''
  items_per_page: none
visibility:
  'entity_bundle:node':
    id: 'entity_bundle:node'
    negate: false
    context_mapping:
      node: '@node.node_route_context:node'
    bundles:
      game: game
